
Microsoft Visual Studio Solution File, Format Version 12.00
# Visual Studio Version 16
VisualStudioVersion = 16.0.28922.388
MinimumVisualStudioVersion = 10.0.40219.1
Project("{FAE04EC0-301F-11D3-BF4B-00C04F79EFBC}") = "Documentation Management System Mobitel", "Documentation Management System Mobitel\Documentation Management System Mobitel.csproj", "{2F221838-E79E-4822-BE8F-7FB2D22BE5D5}"
EndProject
Global
	GlobalSection(SolutionConfigurationPlatforms) = preSolution
		Debug|Any CPU = Debug|Any CPU
		Release|Any CPU = Release|Any CPU
	EndGlobalSection
	GlobalSection(ProjectConfigurationPlatforms) = postSolution
		{2F221838-E79E-4822-BE8F-7FB2D22BE5D5}.Debug|Any CPU.ActiveCfg = Debug|Any CPU
		{2F221838-E79E-4822-BE8F-7FB2D22BE5D5}.Debug|Any CPU.Build.0 = Debug|Any CPU
		{2F221838-E79E-4822-BE8F-7FB2D22BE5D5}.Release|Any CPU.ActiveCfg = Release|Any CPU
		{2F221838-E79E-4822-BE8F-7FB2D22BE5D5}.Release|Any CPU.Build.0 = Release|Any CPU
	EndGlobalSection
	GlobalSection(SolutionProperties) = preSolution
		HideSolutionNode = FALSE
	EndGlobalSection
	GlobalSection(ExtensibilityGlobals) = postSolution
		SolutionGuid = {AECADDA8-3737-4321-BD4C-78CDD636BF66}
	EndGlobalSection
EndGlobal
